// !$*UTF8*$!
{
	archiveVersion = 1;
	classes = {
	};
	objectVersion = 56;
	objects = {

/* Begin PBXBuildFile section */
		D4345DBB2BF6C64400E08894 /* HomeCoordinatorTests.swift in Sources */ = {isa = PBXBuildFile; fileRef = D4345DBA2BF6C64400E08894 /* HomeCoordinatorTests.swift */; };
		D4345DBE2BF6D34100E08894 /* DetailCoordinatorTests.swift in Sources */ = {isa = PBXBuildFile; fileRef = D4345DBD2BF6D34100E08894 /* DetailCoordinatorTests.swift */; };
		D4345DC02BF6D4DF00E08894 /* HomeViewModelTests.swift in Sources */ = {isa = PBXBuildFile; fileRef = D4345DBF2BF6D4DF00E08894 /* HomeViewModelTests.swift */; };
		D4E84B032BF0167B000ABE92 /* AppDelegate.swift in Sources */ = {isa = PBXBuildFile; fileRef = D4E84B022BF0167B000ABE92 /* AppDelegate.swift */; };
		D4E84B052BF0167B000ABE92 /* SceneDelegate.swift in Sources */ = {isa = PBXBuildFile; fileRef = D4E84B042BF0167B000ABE92 /* SceneDelegate.swift */; };
		D4E84B0C2BF0167E000ABE92 /* Assets.xcassets in Resources */ = {isa = PBXBuildFile; fileRef = D4E84B0B2BF0167E000ABE92 /* Assets.xcassets */; };
		D4E84B0F2BF0167E000ABE92 /* Base in Resources */ = {isa = PBXBuildFile; fileRef = D4E84B0E2BF0167E000ABE92 /* Base */; };
		D4E84B1A2BF0167F000ABE92 /* NewsAppTests.swift in Sources */ = {isa = PBXBuildFile; fileRef = D4E84B192BF0167F000ABE92 /* NewsAppTests.swift */; };
		D4E84B242BF0167F000ABE92 /* NewsAppUITests.swift in Sources */ = {isa = PBXBuildFile; fileRef = D4E84B232BF0167F000ABE92 /* NewsAppUITests.swift */; };
		D4E84B262BF0167F000ABE92 /* NewsAppUITestsLaunchTests.swift in Sources */ = {isa = PBXBuildFile; fileRef = D4E84B252BF0167F000ABE92 /* NewsAppUITestsLaunchTests.swift */; };
		D4E84B332BF018E1000ABE92 /* Coordinator.swift in Sources */ = {isa = PBXBuildFile; fileRef = D4E84B322BF018E1000ABE92 /* Coordinator.swift */; };
		D4E84B3E2BF01BAB000ABE92 /* HomeCoordinator.swift in Sources */ = {isa = PBXBuildFile; fileRef = D4E84B3D2BF01BAB000ABE92 /* HomeCoordinator.swift */; };
		D4E84B402BF01CAD000ABE92 /* HomeViewController.swift in Sources */ = {isa = PBXBuildFile; fileRef = D4E84B3F2BF01CAD000ABE92 /* HomeViewController.swift */; };
		D4E84B442BF0272F000ABE92 /* HomeModel.swift in Sources */ = {isa = PBXBuildFile; fileRef = D4E84B432BF0272F000ABE92 /* HomeModel.swift */; };
		D4E84B492BF02E07000ABE92 /* HomeViewModel.swift in Sources */ = {isa = PBXBuildFile; fileRef = D4E84B482BF02E07000ABE92 /* HomeViewModel.swift */; };
		D4E84B4B2BF03E00000ABE92 /* DetailCoordinator.swift in Sources */ = {isa = PBXBuildFile; fileRef = D4E84B4A2BF03E00000ABE92 /* DetailCoordinator.swift */; };
		D4E84B4D2BF03E68000ABE92 /* DetailViewController.swift in Sources */ = {isa = PBXBuildFile; fileRef = D4E84B4C2BF03E68000ABE92 /* DetailViewController.swift */; };
		D4E84B4F2BF03EB4000ABE92 /* DetailViewModel.swift in Sources */ = {isa = PBXBuildFile; fileRef = D4E84B4E2BF03EB4000ABE92 /* DetailViewModel.swift */; };
		D4E84B522BF05693000ABE92 /* HomeTableViewCell.swift in Sources */ = {isa = PBXBuildFile; fileRef = D4E84B512BF05693000ABE92 /* HomeTableViewCell.swift */; };
/* End PBXBuildFile section */

/* Begin PBXContainerItemProxy section */
		D4E84B162BF0167F000ABE92 /* PBXContainerItemProxy */ = {
			isa = PBXContainerItemProxy;
			containerPortal = D4E84AF72BF0167B000ABE92 /* Project object */;
			proxyType = 1;
			remoteGlobalIDString = D4E84AFE2BF0167B000ABE92;
			remoteInfo = NewsApp;
		};
		D4E84B202BF0167F000ABE92 /* PBXContainerItemProxy */ = {
			isa = PBXContainerItemProxy;
			containerPortal = D4E84AF72BF0167B000ABE92 /* Project object */;
			proxyType = 1;
			remoteGlobalIDString = D4E84AFE2BF0167B000ABE92;
			remoteInfo = NewsApp;
		};
/* End PBXContainerItemProxy section */

/* Begin PBXFileReference section */
		D4345DBA2BF6C64400E08894 /* HomeCoordinatorTests.swift */ = {isa = PBXFileReference; lastKnownFileType = sourcecode.swift; path = HomeCoordinatorTests.swift; sourceTree = "<group>"; };
		D4345DBD2BF6D34100E08894 /* DetailCoordinatorTests.swift */ = {isa = PBXFileReference; lastKnownFileType = sourcecode.swift; path = DetailCoordinatorTests.swift; sourceTree = "<group>"; };
		D4345DBF2BF6D4DF00E08894 /* HomeViewModelTests.swift */ = {isa = PBXFileReference; lastKnownFileType = sourcecode.swift; path = HomeViewModelTests.swift; sourceTree = "<group>"; };
		D4E84AFF2BF0167B000ABE92 /* NewsApp.app */ = {isa = PBXFileReference; explicitFileType = wrapper.application; includeInIndex = 0; path = NewsApp.app; sourceTree = BUILT_PRODUCTS_DIR; };
		D4E84B022BF0167B000ABE92 /* AppDelegate.swift */ = {isa = PBXFileReference; lastKnownFileType = sourcecode.swift; path = AppDelegate.swift; sourceTree = "<group>"; };
		D4E84B042BF0167B000ABE92 /* SceneDelegate.swift */ = {isa = PBXFileReference; lastKnownFileType = sourcecode.swift; path = SceneDelegate.swift; sourceTree = "<group>"; };
		D4E84B0B2BF0167E000ABE92 /* Assets.xcassets */ = {isa = PBXFileReference; lastKnownFileType = folder.assetcatalog; path = Assets.xcassets; sourceTree = "<group>"; };
		D4E84B0E2BF0167E000ABE92 /* Base */ = {isa = PBXFileReference; lastKnownFileType = file.storyboard; name = Base; path = Base.lproj/LaunchScreen.storyboard; sourceTree = "<group>"; };
		D4E84B102BF0167E000ABE92 /* Info.plist */ = {isa = PBXFileReference; lastKnownFileType = text.plist.xml; path = Info.plist; sourceTree = "<group>"; };
		D4E84B152BF0167F000ABE92 /* NewsAppTests.xctest */ = {isa = PBXFileReference; explicitFileType = wrapper.cfbundle; includeInIndex = 0; path = NewsAppTests.xctest; sourceTree = BUILT_PRODUCTS_DIR; };
		D4E84B192BF0167F000ABE92 /* NewsAppTests.swift */ = {isa = PBXFileReference; lastKnownFileType = sourcecode.swift; path = NewsAppTests.swift; sourceTree = "<group>"; };
		D4E84B1F2BF0167F000ABE92 /* NewsAppUITests.xctest */ = {isa = PBXFileReference; explicitFileType = wrapper.cfbundle; includeInIndex = 0; path = NewsAppUITests.xctest; sourceTree = BUILT_PRODUCTS_DIR; };
		D4E84B232BF0167F000ABE92 /* NewsAppUITests.swift */ = {isa = PBXFileReference; lastKnownFileType = sourcecode.swift; path = NewsAppUITests.swift; sourceTree = "<group>"; };
		D4E84B252BF0167F000ABE92 /* NewsAppUITestsLaunchTests.swift */ = {isa = PBXFileReference; lastKnownFileType = sourcecode.swift; path = NewsAppUITestsLaunchTests.swift; sourceTree = "<group>"; };
		D4E84B322BF018E1000ABE92 /* Coordinator.swift */ = {isa = PBXFileReference; lastKnownFileType = sourcecode.swift; path = Coordinator.swift; sourceTree = "<group>"; };
		D4E84B3D2BF01BAB000ABE92 /* HomeCoordinator.swift */ = {isa = PBXFileReference; lastKnownFileType = sourcecode.swift; path = HomeCoordinator.swift; sourceTree = "<group>"; };
		D4E84B3F2BF01CAD000ABE92 /* HomeViewController.swift */ = {isa = PBXFileReference; lastKnownFileType = sourcecode.swift; path = HomeViewController.swift; sourceTree = "<group>"; };
		D4E84B432BF0272F000ABE92 /* HomeModel.swift */ = {isa = PBXFileReference; lastKnownFileType = sourcecode.swift; path = HomeModel.swift; sourceTree = "<group>"; };
		D4E84B482BF02E07000ABE92 /* HomeViewModel.swift */ = {isa = PBXFileReference; lastKnownFileType = sourcecode.swift; path = HomeViewModel.swift; sourceTree = "<group>"; };
		D4E84B4A2BF03E00000ABE92 /* DetailCoordinator.swift */ = {isa = PBXFileReference; lastKnownFileType = sourcecode.swift; path = DetailCoordinator.swift; sourceTree = "<group>"; };
		D4E84B4C2BF03E68000ABE92 /* DetailViewController.swift */ = {isa = PBXFileReference; lastKnownFileType = sourcecode.swift; path = DetailViewController.swift; sourceTree = "<group>"; };
		D4E84B4E2BF03EB4000ABE92 /* DetailViewModel.swift */ = {isa = PBXFileReference; lastKnownFileType = sourcecode.swift; path = DetailViewModel.swift; sourceTree = "<group>"; };
		D4E84B512BF05693000ABE92 /* HomeTableViewCell.swift */ = {isa = PBXFileReference; lastKnownFileType = sourcecode.swift; path = HomeTableViewCell.swift; sourceTree = "<group>"; };
/* End PBXFileReference section */

/* Begin PBXFrameworksBuildPhase section */
		D4E84AFC2BF0167B000ABE92 /* Frameworks */ = {
			isa = PBXFrameworksBuildPhase;
			buildActionMask = 2147483647;
			files = (
			);
			runOnlyForDeploymentPostprocessing = 0;
		};
		D4E84B122BF0167F000ABE92 /* Frameworks */ = {
			isa = PBXFrameworksBuildPhase;
			buildActionMask = 2147483647;
			files = (
			);
			runOnlyForDeploymentPostprocessing = 0;
		};
		D4E84B1C2BF0167F000ABE92 /* Frameworks */ = {
			isa = PBXFrameworksBuildPhase;
			buildActionMask = 2147483647;
			files = (
			);
			runOnlyForDeploymentPostprocessing = 0;
		};
/* End PBXFrameworksBuildPhase section */

/* Begin PBXGroup section */
		D4345DB32BF6C51B00E08894 /* Home */ = {
			isa = PBXGroup;
			children = (
				D4345DB52BF6C53600E08894 /* Coordinator */,
				D4345DB62BF6C53E00E08894 /* View */,
				D4345DB72BF6C54600E08894 /* ViewModel */,
			);
			path = Home;
			sourceTree = "<group>";
		};
		D4345DB42BF6C52900E08894 /* Detail */ = {
			isa = PBXGroup;
			children = (
				D4345DB82BF6C55C00E08894 /* Coordinator */,
				D4345DB92BF6C56400E08894 /* View */,
				D4345DC12BF6D50700E08894 /* ViewModel */,
			);
			path = Detail;
			sourceTree = "<group>";
		};
		D4345DB52BF6C53600E08894 /* Coordinator */ = {
			isa = PBXGroup;
			children = (
				D4345DBA2BF6C64400E08894 /* HomeCoordinatorTests.swift */,
			);
			path = Coordinator;
			sourceTree = "<group>";
		};
		D4345DB62BF6C53E00E08894 /* View */ = {
			isa = PBXGroup;
			children = (
			);
			path = View;
			sourceTree = "<group>";
		};
		D4345DB72BF6C54600E08894 /* ViewModel */ = {
			isa = PBXGroup;
			children = (
				D4345DBF2BF6D4DF00E08894 /* HomeViewModelTests.swift */,
			);
			path = ViewModel;
			sourceTree = "<group>";
		};
		D4345DB82BF6C55C00E08894 /* Coordinator */ = {
			isa = PBXGroup;
			children = (
				D4345DBD2BF6D34100E08894 /* DetailCoordinatorTests.swift */,
			);
			path = Coordinator;
			sourceTree = "<group>";
		};
		D4345DB92BF6C56400E08894 /* View */ = {
			isa = PBXGroup;
			children = (
			);
			path = View;
			sourceTree = "<group>";
		};
		D4345DC12BF6D50700E08894 /* ViewModel */ = {
			isa = PBXGroup;
			children = (
			);
			path = ViewModel;
			sourceTree = "<group>";
		};
		D4E84AF62BF0167B000ABE92 = {
			isa = PBXGroup;
			children = (
				D4E84B012BF0167B000ABE92 /* NewsApp */,
				D4E84B182BF0167F000ABE92 /* NewsAppTests */,
				D4E84B222BF0167F000ABE92 /* NewsAppUITests */,
				D4E84B002BF0167B000ABE92 /* Products */,
			);
			sourceTree = "<group>";
		};
		D4E84B002BF0167B000ABE92 /* Products */ = {
			isa = PBXGroup;
			children = (
				D4E84AFF2BF0167B000ABE92 /* NewsApp.app */,
				D4E84B152BF0167F000ABE92 /* NewsAppTests.xctest */,
				D4E84B1F2BF0167F000ABE92 /* NewsAppUITests.xctest */,
			);
			name = Products;
			sourceTree = "<group>";
		};
		D4E84B012BF0167B000ABE92 /* NewsApp */ = {
			isa = PBXGroup;
			children = (
				D4E84B3C2BF01B2D000ABE92 /* Sources */,
				D4E84B342BF01A92000ABE92 /* Home */,
				D4E84B352BF01A9E000ABE92 /* Detail */,
				D4E84B0B2BF0167E000ABE92 /* Assets.xcassets */,
				D4E84B0D2BF0167E000ABE92 /* LaunchScreen.storyboard */,
				D4E84B102BF0167E000ABE92 /* Info.plist */,
			);
			path = NewsApp;
			sourceTree = "<group>";
		};
		D4E84B182BF0167F000ABE92 /* NewsAppTests */ = {
			isa = PBXGroup;
			children = (
				D4345DB32BF6C51B00E08894 /* Home */,
				D4345DB42BF6C52900E08894 /* Detail */,
				D4E84B192BF0167F000ABE92 /* NewsAppTests.swift */,
			);
			path = NewsAppTests;
			sourceTree = "<group>";
		};
		D4E84B222BF0167F000ABE92 /* NewsAppUITests */ = {
			isa = PBXGroup;
			children = (
				D4E84B232BF0167F000ABE92 /* NewsAppUITests.swift */,
				D4E84B252BF0167F000ABE92 /* NewsAppUITestsLaunchTests.swift */,
			);
			path = NewsAppUITests;
			sourceTree = "<group>";
		};
		D4E84B342BF01A92000ABE92 /* Home */ = {
			isa = PBXGroup;
			children = (
				D4E84B382BF01ADF000ABE92 /* Coordinator */,
				D4E84B412BF01CB5000ABE92 /* Model */,
				D4E84B362BF01AC8000ABE92 /* View */,
				D4E84B372BF01AD7000ABE92 /* ViewModel */,
			);
			path = Home;
			sourceTree = "<group>";
		};
		D4E84B352BF01A9E000ABE92 /* Detail */ = {
			isa = PBXGroup;
			children = (
				D4E84B392BF01AEB000ABE92 /* Coordinator */,
				D4E84B3A2BF01AF3000ABE92 /* View */,
				D4E84B3B2BF01AF7000ABE92 /* ViewModel */,
			);
			path = Detail;
			sourceTree = "<group>";
		};
		D4E84B362BF01AC8000ABE92 /* View */ = {
			isa = PBXGroup;
			children = (
				D4E84B3F2BF01CAD000ABE92 /* HomeViewController.swift */,
				D4E84B512BF05693000ABE92 /* HomeTableViewCell.swift */,
			);
			path = View;
			sourceTree = "<group>";
		};
		D4E84B372BF01AD7000ABE92 /* ViewModel */ = {
			isa = PBXGroup;
			children = (
				D4E84B482BF02E07000ABE92 /* HomeViewModel.swift */,
			);
			path = ViewModel;
			sourceTree = "<group>";
		};
		D4E84B382BF01ADF000ABE92 /* Coordinator */ = {
			isa = PBXGroup;
			children = (
				D4E84B3D2BF01BAB000ABE92 /* HomeCoordinator.swift */,
			);
			path = Coordinator;
			sourceTree = "<group>";
		};
		D4E84B392BF01AEB000ABE92 /* Coordinator */ = {
			isa = PBXGroup;
			children = (
				D4E84B4A2BF03E00000ABE92 /* DetailCoordinator.swift */,
			);
			path = Coordinator;
			sourceTree = "<group>";
		};
		D4E84B3A2BF01AF3000ABE92 /* View */ = {
			isa = PBXGroup;
			children = (
				D4E84B4C2BF03E68000ABE92 /* DetailViewController.swift */,
			);
			path = View;
			sourceTree = "<group>";
		};
		D4E84B3B2BF01AF7000ABE92 /* ViewModel */ = {
			isa = PBXGroup;
			children = (
				D4E84B4E2BF03EB4000ABE92 /* DetailViewModel.swift */,
			);
			path = ViewModel;
			sourceTree = "<group>";
		};
		D4E84B3C2BF01B2D000ABE92 /* Sources */ = {
			isa = PBXGroup;
			children = (
				D4E84B022BF0167B000ABE92 /* AppDelegate.swift */,
				D4E84B042BF0167B000ABE92 /* SceneDelegate.swift */,
				D4E84B322BF018E1000ABE92 /* Coordinator.swift */,
			);
			path = Sources;
			sourceTree = "<group>";
		};
		D4E84B412BF01CB5000ABE92 /* Model */ = {
			isa = PBXGroup;
			children = (
				D4E84B432BF0272F000ABE92 /* HomeModel.swift */,
			);
			path = Model;
			sourceTree = "<group>";
		};
/* End PBXGroup section */

/* Begin PBXNativeTarget section */
		D4E84AFE2BF0167B000ABE92 /* NewsApp */ = {
			isa = PBXNativeTarget;
			buildConfigurationList = D4E84B292BF0167F000ABE92 /* Build configuration list for PBXNativeTarget "NewsApp" */;
			buildPhases = (
				D4E84AFB2BF0167B000ABE92 /* Sources */,
				D4E84AFC2BF0167B000ABE92 /* Frameworks */,
				D4E84AFD2BF0167B000ABE92 /* Resources */,
			);
			buildRules = (
			);
			dependencies = (
			);
			name = NewsApp;
			productName = NewsApp;
			productReference = D4E84AFF2BF0167B000ABE92 /* NewsApp.app */;
			productType = "com.apple.product-type.application";
		};
		D4E84B142BF0167F000ABE92 /* NewsAppTests */ = {
			isa = PBXNativeTarget;
			buildConfigurationList = D4E84B2C2BF0167F000ABE92 /* Build configuration list for PBXNativeTarget "NewsAppTests" */;
			buildPhases = (
				D4E84B112BF0167F000ABE92 /* Sources */,
				D4E84B122BF0167F000ABE92 /* Frameworks */,
				D4E84B132BF0167F000ABE92 /* Resources */,
			);
			buildRules = (
			);
			dependencies = (
				D4E84B172BF0167F000ABE92 /* PBXTargetDependency */,
			);
			name = NewsAppTests;
			productName = NewsAppTests;
			productReference = D4E84B152BF0167F000ABE92 /* NewsAppTests.xctest */;
			productType = "com.apple.product-type.bundle.unit-test";
		};
		D4E84B1E2BF0167F000ABE92 /* NewsAppUITests */ = {
			isa = PBXNativeTarget;
			buildConfigurationList = D4E84B2F2BF0167F000ABE92 /* Build configuration list for PBXNativeTarget "NewsAppUITests" */;
			buildPhases = (
				D4E84B1B2BF0167F000ABE92 /* Sources */,
				D4E84B1C2BF0167F000ABE92 /* Frameworks */,
				D4E84B1D2BF0167F000ABE92 /* Resources */,
			);
			buildRules = (
			);
			dependencies = (
				D4E84B212BF0167F000ABE92 /* PBXTargetDependency */,
			);
			name = NewsAppUITests;
			productName = NewsAppUITests;
			productReference = D4E84B1F2BF0167F000ABE92 /* NewsAppUITests.xctest */;
			productType = "com.apple.product-type.bundle.ui-testing";
		};
/* End PBXNativeTarget section */

/* Begin PBXProject section */
		D4E84AF72BF0167B000ABE92 /* Project object */ = {
			isa = PBXProject;
			attributes = {
				BuildIndependentTargetsInParallel = 1;
				LastSwiftUpdateCheck = 1530;
				LastUpgradeCheck = 1530;
				TargetAttributes = {
					D4E84AFE2BF0167B000ABE92 = {
						CreatedOnToolsVersion = 15.3;
					};
					D4E84B142BF0167F000ABE92 = {
						CreatedOnToolsVersion = 15.3;
						TestTargetID = D4E84AFE2BF0167B000ABE92;
					};
					D4E84B1E2BF0167F000ABE92 = {
						CreatedOnToolsVersion = 15.3;
						TestTargetID = D4E84AFE2BF0167B000ABE92;
					};
				};
			};
			buildConfigurationList = D4E84AFA2BF0167B000ABE92 /* Build configuration list for PBXProject "NewsApp" */;
			compatibilityVersion = "Xcode 14.0";
			developmentRegion = en;
			hasScannedForEncodings = 0;
			knownRegions = (
				en,
				Base,
			);
			mainGroup = D4E84AF62BF0167B000ABE92;
			productRefGroup = D4E84B002BF0167B000ABE92 /* Products */;
			projectDirPath = "";
			projectRoot = "";
			targets = (
				D4E84AFE2BF0167B000ABE92 /* NewsApp */,
				D4E84B142BF0167F000ABE92 /* NewsAppTests */,
				D4E84B1E2BF0167F000ABE92 /* NewsAppUITests */,
			);
		};
/* End PBXProject section */

/* Begin PBXResourcesBuildPhase section */
		D4E84AFD2BF0167B000ABE92 /* Resources */ = {
			isa = PBXResourcesBuildPhase;
			buildActionMask = 2147483647;
			files = (
				D4E84B0C2BF0167E000ABE92 /* Assets.xcassets in Resources */,
				D4E84B0F2BF0167E000ABE92 /* Base in Resources */,
			);
			runOnlyForDeploymentPostprocessing = 0;
		};
		D4E84B132BF0167F000ABE92 /* Resources */ = {
			isa = PBXResourcesBuildPhase;
			buildActionMask = 2147483647;
			files = (
			);
			runOnlyForDeploymentPostprocessing = 0;
		};
		D4E84B1D2BF0167F000ABE92 /* Resources */ = {
			isa = PBXResourcesBuildPhase;
			buildActionMask = 2147483647;
			files = (
			);
			runOnlyForDeploymentPostprocessing = 0;
		};
/* End PBXResourcesBuildPhase section */

/* Begin PBXSourcesBuildPhase section */
		D4E84AFB2BF0167B000ABE92 /* Sources */ = {
			isa = PBXSourcesBuildPhase;
			buildActionMask = 2147483647;
			files = (
				D4E84B4D2BF03E68000ABE92 /* DetailViewController.swift in Sources */,
				D4E84B402BF01CAD000ABE92 /* HomeViewController.swift in Sources */,
				D4E84B4B2BF03E00000ABE92 /* DetailCoordinator.swift in Sources */,
				D4E84B4F2BF03EB4000ABE92 /* DetailViewModel.swift in Sources */,
				D4E84B332BF018E1000ABE92 /* Coordinator.swift in Sources */,
				D4E84B522BF05693000ABE92 /* HomeTableViewCell.swift in Sources */,
				D4E84B492BF02E07000ABE92 /* HomeViewModel.swift in Sources */,
				D4E84B442BF0272F000ABE92 /* HomeModel.swift in Sources */,
				D4E84B3E2BF01BAB000ABE92 /* HomeCoordinator.swift in Sources */,
				D4E84B032BF0167B000ABE92 /* AppDelegate.swift in Sources */,
				D4E84B052BF0167B000ABE92 /* SceneDelegate.swift in Sources */,
			);
			runOnlyForDeploymentPostprocessing = 0;
		};
		D4E84B112BF0167F000ABE92 /* Sources */ = {
			isa = PBXSourcesBuildPhase;
			buildActionMask = 2147483647;
			files = (
				D4E84B1A2BF0167F000ABE92 /* NewsAppTests.swift in Sources */,
				D4345DBE2BF6D34100E08894 /* DetailCoordinatorTests.swift in Sources */,
				D4345DBB2BF6C64400E08894 /* HomeCoordinatorTests.swift in Sources */,
				D4345DC02BF6D4DF00E08894 /* HomeViewModelTests.swift in Sources */,
			);
			runOnlyForDeploymentPostprocessing = 0;
		};
		D4E84B1B2BF0167F000ABE92 /* Sources */ = {
			isa = PBXSourcesBuildPhase;
			buildActionMask = 2147483647;
			files = (
				D4E84B242BF0167F000ABE92 /* NewsAppUITests.swift in Sources */,
				D4E84B262BF0167F000ABE92 /* NewsAppUITestsLaunchTests.swift in Sources */,
			);
			runOnlyForDeploymentPostprocessing = 0;
		};
/* End PBXSourcesBuildPhase section */

/* Begin PBXTargetDependency section */
		D4E84B172BF0167F000ABE92 /* PBXTargetDependency */ = {
			isa = PBXTargetDependency;
			target = D4E84AFE2BF0167B000ABE92 /* NewsApp */;
			targetProxy = D4E84B162BF0167F000ABE92 /* PBXContainerItemProxy */;
		};
		D4E84B212BF0167F000ABE92 /* PBXTargetDependency */ = {
			isa = PBXTargetDependency;
			target = D4E84AFE2BF0167B000ABE92 /* NewsApp */;
			targetProxy = D4E84B202BF0167F000ABE92 /* PBXContainerItemProxy */;
		};
/* End PBXTargetDependency section */

/* Begin PBXVariantGroup section */
		D4E84B0D2BF0167E000ABE92 /* LaunchScreen.storyboard */ = {
			isa = PBXVariantGroup;
			children = (
				D4E84B0E2BF0167E000ABE92 /* Base */,
			);
			name = LaunchScreen.storyboard;
			sourceTree = "<group>";
		};
/* End PBXVariantGroup section */

/* Begin XCBuildConfiguration section */
		D4E84B272BF0167F000ABE92 /* Debug */ = {
			isa = XCBuildConfiguration;
			buildSettings = {
				ALWAYS_SEARCH_USER_PATHS = NO;
				ASSETCATALOG_COMPILER_GENERATE_SWIFT_ASSET_SYMBOL_EXTENSIONS = YES;
				CLANG_ANALYZER_NONNULL = YES;
				CLANG_ANALYZER_NUMBER_OBJECT_CONVERSION = YES_AGGRESSIVE;
				CLANG_CXX_LANGUAGE_STANDARD = "gnu++20";
				CLANG_ENABLE_MODULES = YES;
				CLANG_ENABLE_OBJC_ARC = YES;
				CLANG_ENABLE_OBJC_WEAK = YES;
				CLANG_WARN_BLOCK_CAPTURE_AUTORELEASING = YES;
				CLANG_WARN_BOOL_CONVERSION = YES;
				CLANG_WARN_COMMA = YES;
				CLANG_WARN_CONSTANT_CONVERSION = YES;
				CLANG_WARN_DEPRECATED_OBJC_IMPLEMENTATIONS = YES;
				CLANG_WARN_DIRECT_OBJC_ISA_USAGE = YES_ERROR;
				CLANG_WARN_DOCUMENTATION_COMMENTS = YES;
				CLANG_WARN_EMPTY_BODY = YES;
				CLANG_WARN_ENUM_CONVERSION = YES;
				CLANG_WARN_INFINITE_RECURSION = YES;
				CLANG_WARN_INT_CONVERSION = YES;
				CLANG_WARN_NON_LITERAL_NULL_CONVERSION = YES;
				CLANG_WARN_OBJC_IMPLICIT_RETAIN_SELF = YES;
				CLANG_WARN_OBJC_LITERAL_CONVERSION = YES;
				CLANG_WARN_OBJC_ROOT_CLASS = YES_ERROR;
				CLANG_WARN_QUOTED_INCLUDE_IN_FRAMEWORK_HEADER = YES;
				CLANG_WARN_RANGE_LOOP_ANALYSIS = YES;
				CLANG_WARN_STRICT_PROTOTYPES = YES;
				CLANG_WARN_SUSPICIOUS_MOVE = YES;
				CLANG_WARN_UNGUARDED_AVAILABILITY = YES_AGGRESSIVE;
				CLANG_WARN_UNREACHABLE_CODE = YES;
				CLANG_WARN__DUPLICATE_METHOD_MATCH = YES;
				COPY_PHASE_STRIP = NO;
				DEBUG_INFORMATION_FORMAT = dwarf;
				ENABLE_STRICT_OBJC_MSGSEND = YES;
				ENABLE_TESTABILITY = YES;
				ENABLE_USER_SCRIPT_SANDBOXING = YES;
				GCC_C_LANGUAGE_STANDARD = gnu17;
				GCC_DYNAMIC_NO_PIC = NO;
				GCC_NO_COMMON_BLOCKS = YES;
				GCC_OPTIMIZATION_LEVEL = 0;
				GCC_PREPROCESSOR_DEFINITIONS = (
					"DEBUG=1",
					"$(inherited)",
				);
				GCC_WARN_64_TO_32_BIT_CONVERSION = YES;
				GCC_WARN_ABOUT_RETURN_TYPE = YES_ERROR;
				GCC_WARN_UNDECLARED_SELECTOR = YES;
				GCC_WARN_UNINITIALIZED_AUTOS = YES_AGGRESSIVE;
				GCC_WARN_UNUSED_FUNCTION = YES;
				GCC_WARN_UNUSED_VARIABLE = YES;
				IPHONEOS_DEPLOYMENT_TARGET = 17.4;
				LOCALIZATION_PREFERS_STRING_CATALOGS = YES;
				MTL_ENABLE_DEBUG_INFO = INCLUDE_SOURCE;
				MTL_FAST_MATH = YES;
				ONLY_ACTIVE_ARCH = YES;
				SDKROOT = iphoneos;
				SWIFT_ACTIVE_COMPILATION_CONDITIONS = "DEBUG $(inherited)";
				SWIFT_OPTIMIZATION_LEVEL = "-Onone";
			};
			name = Debug;
		};
		D4E84B282BF0167F000ABE92 /* Release */ = {
			isa = XCBuildConfiguration;
			buildSettings = {
				ALWAYS_SEARCH_USER_PATHS = NO;
				ASSETCATALOG_COMPILER_GENERATE_SWIFT_ASSET_SYMBOL_EXTENSIONS = YES;
				CLANG_ANALYZER_NONNULL = YES;
				CLANG_ANALYZER_NUMBER_OBJECT_CONVERSION = YES_AGGRESSIVE;
				CLANG_CXX_LANGUAGE_STANDARD = "gnu++20";
				CLANG_ENABLE_MODULES = YES;
				CLANG_ENABLE_OBJC_ARC = YES;
				CLANG_ENABLE_OBJC_WEAK = YES;
				CLANG_WARN_BLOCK_CAPTURE_AUTORELEASING = YES;
				CLANG_WARN_BOOL_CONVERSION = YES;
				CLANG_WARN_COMMA = YES;
				CLANG_WARN_CONSTANT_CONVERSION = YES;
				CLANG_WARN_DEPRECATED_OBJC_IMPLEMENTATIONS = YES;
				CLANG_WARN_DIRECT_OBJC_ISA_USAGE = YES_ERROR;
				CLANG_WARN_DOCUMENTATION_COMMENTS = YES;
				CLANG_WARN_EMPTY_BODY = YES;
				CLANG_WARN_ENUM_CONVERSION = YES;
				CLANG_WARN_INFINITE_RECURSION = YES;
				CLANG_WARN_INT_CONVERSION = YES;
				CLANG_WARN_NON_LITERAL_NULL_CONVERSION = YES;
				CLANG_WARN_OBJC_IMPLICIT_RETAIN_SELF = YES;
				CLANG_WARN_OBJC_LITERAL_CONVERSION = YES;
				CLANG_WARN_OBJC_ROOT_CLASS = YES_ERROR;
				CLANG_WARN_QUOTED_INCLUDE_IN_FRAMEWORK_HEADER = YES;
				CLANG_WARN_RANGE_LOOP_ANALYSIS = YES;
				CLANG_WARN_STRICT_PROTOTYPES = YES;
				CLANG_WARN_SUSPICIOUS_MOVE = YES;
				CLANG_WARN_UNGUARDED_AVAILABILITY = YES_AGGRESSIVE;
				CLANG_WARN_UNREACHABLE_CODE = YES;
				CLANG_WARN__DUPLICATE_METHOD_MATCH = YES;
				COPY_PHASE_STRIP = NO;
				DEBUG_INFORMATION_FORMAT = "dwarf-with-dsym";
				ENABLE_NS_ASSERTIONS = NO;
				ENABLE_STRICT_OBJC_MSGSEND = YES;
				ENABLE_USER_SCRIPT_SANDBOXING = YES;
				GCC_C_LANGUAGE_STANDARD = gnu17;
				GCC_NO_COMMON_BLOCKS = YES;
				GCC_WARN_64_TO_32_BIT_CONVERSION = YES;
				GCC_WARN_ABOUT_RETURN_TYPE = YES_ERROR;
				GCC_WARN_UNDECLARED_SELECTOR = YES;
				GCC_WARN_UNINITIALIZED_AUTOS = YES_AGGRESSIVE;
				GCC_WARN_UNUSED_FUNCTION = YES;
				GCC_WARN_UNUSED_VARIABLE = YES;
				IPHONEOS_DEPLOYMENT_TARGET = 17.4;
				LOCALIZATION_PREFERS_STRING_CATALOGS = YES;
				MTL_ENABLE_DEBUG_INFO = NO;
				MTL_FAST_MATH = YES;
				SDKROOT = iphoneos;
				SWIFT_COMPILATION_MODE = wholemodule;
				VALIDATE_PRODUCT = YES;
			};
			name = Release;
		};
		D4E84B2A2BF0167F000ABE92 /* Debug */ = {
			isa = XCBuildConfiguration;
			buildSettings = {
				ASSETCATALOG_COMPILER_APPICON_NAME = AppIcon;
				ASSETCATALOG_COMPILER_GLOBAL_ACCENT_COLOR_NAME = AccentColor;
				CODE_SIGN_STYLE = Automatic;
				CURRENT_PROJECT_VERSION = 1;
				DEVELOPMENT_TEAM = 5EAMH5GKU8;
				GENERATE_INFOPLIST_FILE = YES;
				INFOPLIST_FILE = NewsApp/Info.plist;
				INFOPLIST_KEY_UIApplicationSupportsIndirectInputEvents = YES;
				INFOPLIST_KEY_UILaunchStoryboardName = LaunchScreen;
				INFOPLIST_KEY_UIMainStoryboardFile = "";
				INFOPLIST_KEY_UISupportedInterfaceOrientations_iPad = "UIInterfaceOrientationPortrait UIInterfaceOrientationPortraitUpsideDown UIInterfaceOrientationLandscapeLeft UIInterfaceOrientationLandscapeRight";
				INFOPLIST_KEY_UISupportedInterfaceOrientations_iPhone = "UIInterfaceOrientationPortrait UIInterfaceOrientationLandscapeLeft UIInterfaceOrientationLandscapeRight";
				LD_RUNPATH_SEARCH_PATHS = (
					"$(inherited)",
					"@executable_path/Frameworks",
				);
				MARKETING_VERSION = 1.0;
				PRODUCT_BUNDLE_IDENTIFIER = com.victorhml.NewsApp;
				PRODUCT_NAME = "$(TARGET_NAME)";
				SWIFT_EMIT_LOC_STRINGS = YES;
				SWIFT_VERSION = 5.0;
				TARGETED_DEVICE_FAMILY = "1,2";
			};
			name = Debug;
		};
		D4E84B2B2BF0167F000ABE92 /* Release */ = {
			isa = XCBuildConfiguration;
			buildSettings = {
				ASSETCATALOG_COMPILER_APPICON_NAME = AppIcon;
				ASSETCATALOG_COMPILER_GLOBAL_ACCENT_COLOR_NAME = AccentColor;
				CODE_SIGN_STYLE = Automatic;
				CURRENT_PROJECT_VERSION = 1;
				DEVELOPMENT_TEAM = 5EAMH5GKU8;
				GENERATE_INFOPLIST_FILE = YES;
				INFOPLIST_FILE = NewsApp/Info.plist;
				INFOPLIST_KEY_UIApplicationSupportsIndirectInputEvents = YES;
				INFOPLIST_KEY_UILaunchStoryboardName = LaunchScreen;
				INFOPLIST_KEY_UIMainStoryboardFile = "";
				INFOPLIST_KEY_UISupportedInterfaceOrientations_iPad = "UIInterfaceOrientationPortrait UIInterfaceOrientationPortraitUpsideDown UIInterfaceOrientationLandscapeLeft UIInterfaceOrientationLandscapeRight";
				INFOPLIST_KEY_UISupportedInterfaceOrientations_iPhone = "UIInterfaceOrientationPortrait UIInterfaceOrientationLandscapeLeft UIInterfaceOrientationLandscapeRight";
				LD_RUNPATH_SEARCH_PATHS = (
					"$(inherited)",
					"@executable_path/Frameworks",
				);
				MARKETING_VERSION = 1.0;
				PRODUCT_BUNDLE_IDENTIFIER = com.victorhml.NewsApp;
				PRODUCT_NAME = "$(TARGET_NAME)";
				SWIFT_EMIT_LOC_STRINGS = YES;
				SWIFT_VERSION = 5.0;
				TARGETED_DEVICE_FAMILY = "1,2";
			};
			name = Release;
		};
		D4E84B2D2BF0167F000ABE92 /* Debug */ = {
			isa = XCBuildConfiguration;
			buildSettings = {
				ALWAYS_EMBED_SWIFT_STANDARD_LIBRARIES = YES;
				BUNDLE_LOADER = "$(TEST_HOST)";
				CODE_SIGN_STYLE = Automatic;
				CURRENT_PROJECT_VERSION = 1;
				DEVELOPMENT_TEAM = 5EAMH5GKU8;
				GENERATE_INFOPLIST_FILE = YES;
				IPHONEOS_DEPLOYMENT_TARGET = 17.4;
				MARKETING_VERSION = 1.0;
				PRODUCT_BUNDLE_IDENTIFIER = com.victorhml.NewsAppTests;
				PRODUCT_NAME = "$(TARGET_NAME)";
				SWIFT_EMIT_LOC_STRINGS = NO;
				SWIFT_VERSION = 5.0;
				TARGETED_DEVICE_FAMILY = "1,2";
				TEST_HOST = "$(BUILT_PRODUCTS_DIR)/NewsApp.app/$(BUNDLE_EXECUTABLE_FOLDER_PATH)/NewsApp";
			};
			name = Debug;
		};
		D4E84B2E2BF0167F000ABE92 /* Release */ = {
			isa = XCBuildConfiguration;
			buildSettings = {
				ALWAYS_EMBED_SWIFT_STANDARD_LIBRARIES = YES;
				BUNDLE_LOADER = "$(TEST_HOST)";
				CODE_SIGN_STYLE = Automatic;
				CURRENT_PROJECT_VERSION = 1;
				DEVELOPMENT_TEAM = 5EAMH5GKU8;
				GENERATE_INFOPLIST_FILE = YES;
				IPHONEOS_DEPLOYMENT_TARGET = 17.4;
				MARKETING_VERSION = 1.0;
				PRODUCT_BUNDLE_IDENTIFIER = com.victorhml.NewsAppTests;
				PRODUCT_NAME = "$(TARGET_NAME)";
				SWIFT_EMIT_LOC_STRINGS = NO;
				SWIFT_VERSION = 5.0;
				TARGETED_DEVICE_FAMILY = "1,2";
				TEST_HOST = "$(BUILT_PRODUCTS_DIR)/NewsApp.app/$(BUNDLE_EXECUTABLE_FOLDER_PATH)/NewsApp";
			};
			name = Release;
		};
		D4E84B302BF0167F000ABE92 /* Debug */ = {
			isa = XCBuildConfiguration;
			buildSettings = {
				ALWAYS_EMBED_SWIFT_STANDARD_LIBRARIES = YES;
				CODE_SIGN_STYLE = Automatic;
				CURRENT_PROJECT_VERSION = 1;
				DEVELOPMENT_TEAM = 5EAMH5GKU8;
				GENERATE_INFOPLIST_FILE = YES;
				MARKETING_VERSION = 1.0;
				PRODUCT_BUNDLE_IDENTIFIER = com.victorhml.NewsAppUITests;
				PRODUCT_NAME = "$(TARGET_NAME)";
				SWIFT_EMIT_LOC_STRINGS = NO;
				SWIFT_VERSION = 5.0;
				TARGETED_DEVICE_FAMILY = "1,2";
				TEST_TARGET_NAME = NewsApp;
			};
			name = Debug;
		};
		D4E84B312BF0167F000ABE92 /* Release */ = {
			isa = XCBuildConfiguration;
			buildSettings = {
				ALWAYS_EMBED_SWIFT_STANDARD_LIBRARIES = YES;
				CODE_SIGN_STYLE = Automatic;
				CURRENT_PROJECT_VERSION = 1;
				DEVELOPMENT_TEAM = 5EAMH5GKU8;
				GENERATE_INFOPLIST_FILE = YES;
				MARKETING_VERSION = 1.0;
				PRODUCT_BUNDLE_IDENTIFIER = com.victorhml.NewsAppUITests;
				PRODUCT_NAME = "$(TARGET_NAME)";
				SWIFT_EMIT_LOC_STRINGS = NO;
				SWIFT_VERSION = 5.0;
				TARGETED_DEVICE_FAMILY = "1,2";
				TEST_TARGET_NAME = NewsApp;
			};
			name = Release;
		};
/* End XCBuildConfiguration section */

/* Begin XCConfigurationList section */
		D4E84AFA2BF0167B000ABE92 /* Build configuration list for PBXProject "NewsApp" */ = {
			isa = XCConfigurationList;
			buildConfigurations = (
				D4E84B272BF0167F000ABE92 /* Debug */,
				D4E84B282BF0167F000ABE92 /* Release */,
			);
			defaultConfigurationIsVisible = 0;
			defaultConfigurationName = Release;
		};
		D4E84B292BF0167F000ABE92 /* Build configuration list for PBXNativeTarget "NewsApp" */ = {
			isa = XCConfigurationList;
			buildConfigurations = (
				D4E84B2A2BF0167F000ABE92 /* Debug */,
				D4E84B2B2BF0167F000ABE92 /* Release */,
			);
			defaultConfigurationIsVisible = 0;
			defaultConfigurationName = Release;
		};
		D4E84B2C2BF0167F000ABE92 /* Build configuration list for PBXNativeTarget "NewsAppTests" */ = {
			isa = XCConfigurationList;
			buildConfigurations = (
				D4E84B2D2BF0167F000ABE92 /* Debug */,
				D4E84B2E2BF0167F000ABE92 /* Release */,
			);
			defaultConfigurationIsVisible = 0;
			defaultConfigurationName = Release;
		};
		D4E84B2F2BF0167F000ABE92 /* Build configuration list for PBXNativeTarget "NewsAppUITests" */ = {
			isa = XCConfigurationList;
			buildConfigurations = (
				D4E84B302BF0167F000ABE92 /* Debug */,
				D4E84B312BF0167F000ABE92 /* Release */,
			);
			defaultConfigurationIsVisible = 0;
			defaultConfigurationName = Release;
		};
/* End XCConfigurationList section */
	};
	rootObject = D4E84AF72BF0167B000ABE92 /* Project object */;
}
